
Microsoft Visual Studio Solution File, Format Version 12.00
# Visual Studio Version 16
VisualStudioVersion = 16.0.31205.134
MinimumVisualStudioVersion = 10.0.40219.1
Project("{9A19103F-16F7-4668-BE54-9A1E7A4F7556}") = "BloggingApiWithAuthentication", "BloggingApiWithAuthentication.csproj", "{2CD0E2F2-1F1B-4881-8BA5-78D7C4678161}"
EndProject
Project("{FAE04EC0-301F-11D3-BF4B-00C04F79EFBC}") = "DAL_Blogging", "..\DAL_Blogging\DAL_Blogging.csproj", "{1F3733D8-A0ED-41FC-AC75-F21892BB070B}"
EndProject
Project("{FAE04EC0-301F-11D3-BF4B-00C04F79EFBC}") = "BAL_Blogging", "..\BAL_Blogging\BAL_Blogging.csproj", "{D65E2EA4-5DF2-4B17-82F8-C315B343E842}"
EndProject
Global
	GlobalSection(SolutionConfigurationPlatforms) = preSolution
		Debug|Any CPU = Debug|Any CPU
		Release|Any CPU = Release|Any CPU
	EndGlobalSection
	GlobalSection(ProjectConfigurationPlatforms) = postSolution
		{2CD0E2F2-1F1B-4881-8BA5-78D7C4678161}.Debug|Any CPU.ActiveCfg = Debug|Any CPU
		{2CD0E2F2-1F1B-4881-8BA5-78D7C4678161}.Debug|Any CPU.Build.0 = Debug|Any CPU
		{2CD0E2F2-1F1B-4881-8BA5-78D7C4678161}.Release|Any CPU.ActiveCfg = Release|Any CPU
		{2CD0E2F2-1F1B-4881-8BA5-78D7C4678161}.Release|Any CPU.Build.0 = Release|Any CPU
		{1F3733D8-A0ED-41FC-AC75-F21892BB070B}.Debug|Any CPU.ActiveCfg = Debug|Any CPU
		{1F3733D8-A0ED-41FC-AC75-F21892BB070B}.Debug|Any CPU.Build.0 = Debug|Any CPU
		{1F3733D8-A0ED-41FC-AC75-F21892BB070B}.Release|Any CPU.ActiveCfg = Release|Any CPU
		{1F3733D8-A0ED-41FC-AC75-F21892BB070B}.Release|Any CPU.Build.0 = Release|Any CPU
		{D65E2EA4-5DF2-4B17-82F8-C315B343E842}.Debug|Any CPU.ActiveCfg = Debug|Any CPU
		{D65E2EA4-5DF2-4B17-82F8-C315B343E842}.Debug|Any CPU.Build.0 = Debug|Any CPU
		{D65E2EA4-5DF2-4B17-82F8-C315B343E842}.Release|Any CPU.ActiveCfg = Release|Any CPU
		{D65E2EA4-5DF2-4B17-82F8-C315B343E842}.Release|Any CPU.Build.0 = Release|Any CPU
	EndGlobalSection
	GlobalSection(SolutionProperties) = preSolution
		HideSolutionNode = FALSE
	EndGlobalSection
	GlobalSection(ExtensibilityGlobals) = postSolution
		SolutionGuid = {ACBE7222-57B5-4EFC-8C86-26FDC7E1944E}
	EndGlobalSection
EndGlobal
